
Microsoft Visual Studio Solution File, Format Version 12.00
# Visual Studio Version 16
VisualStudioVersion = 16.0.29613.14
MinimumVisualStudioVersion = 10.0.40219.1
Project("{2150E333-8FDC-42A3-9474-1A3956D46DE8}") = "1. SingleResponsibility", "1. SingleResponsibility", "{F35E0D69-A794-4232-8A31-74F241B2CDCC}"
	ProjectSection(SolutionItems) = preProject
		SOLID\1. SingleResponsibility\Description.txt = SOLID\1. SingleResponsibility\Description.txt
	EndProjectSection
EndProject
Project("{2150E333-8FDC-42A3-9474-1A3956D46DE8}") = "2 .OpenClosed", "2 .OpenClosed", "{B19C749A-8E22-4591-AE0D-121AABF6872E}"
	ProjectSection(SolutionItems) = preProject
		SOLID\2 .OpenClosed\Description.txt = SOLID\2 .OpenClosed\Description.txt
	EndProjectSection
EndProject
Project("{2150E333-8FDC-42A3-9474-1A3956D46DE8}") = "3. LiskovSubstitution", "3. LiskovSubstitution", "{8F7AB64E-C756-415E-B793-96E02C6E7343}"
	ProjectSection(SolutionItems) = preProject
		SOLID\3. LiskovSubstitution\Description.txt = SOLID\3. LiskovSubstitution\Description.txt
	EndProjectSection
EndProject
Project("{2150E333-8FDC-42A3-9474-1A3956D46DE8}") = "4. InterfaceSegregation", "4. InterfaceSegregation", "{224624BD-A2CA-4ECA-9BE8-434682D118CF}"
	ProjectSection(SolutionItems) = preProject
		SOLID\4. InterfaceSegregation\Description.txt = SOLID\4. InterfaceSegregation\Description.txt
	EndProjectSection
EndProject
Project("{2150E333-8FDC-42A3-9474-1A3956D46DE8}") = "5. DependencyInversion", "5. DependencyInversion", "{394228F0-0E8E-41B9-94E0-ABABEEA882CD}"
	ProjectSection(SolutionItems) = preProject
		SOLID\5. DependencyInversion\Description.txt = SOLID\5. DependencyInversion\Description.txt
	EndProjectSection
EndProject
Project("{2150E333-8FDC-42A3-9474-1A3956D46DE8}") = "0. Solution Items", "0. Solution Items", "{FA8109F9-6859-4C70-9536-937BA0CD5852}"
	ProjectSection(SolutionItems) = preProject
		Overview.txt = Overview.txt
	EndProjectSection
EndProject
Project("{9A19103F-16F7-4668-BE54-9A1E7A4F7556}") = "SingleResponsibility", "SingleResponsibility\SingleResponsibility.csproj", "{6C9AC66C-D364-408A-8FB5-CA3128CA4C2E}"
EndProject
Project("{9A19103F-16F7-4668-BE54-9A1E7A4F7556}") = "OpenClosed", "OpenClosed\OpenClosed.csproj", "{B3EA5F18-E23D-4206-82CE-2583B050ED4C}"
EndProject
Project("{9A19103F-16F7-4668-BE54-9A1E7A4F7556}") = "LiskovSubstitution", "LiskovSubstitution\LiskovSubstitution.csproj", "{E95524FF-5E4E-460F-A265-28B13856741C}"
EndProject
Project("{9A19103F-16F7-4668-BE54-9A1E7A4F7556}") = "InterfaceSegregation", "InterfaceSegregation\InterfaceSegregation.csproj", "{F2E4826B-9EA2-4943-96B6-F449F4E77A87}"
EndProject
Project("{9A19103F-16F7-4668-BE54-9A1E7A4F7556}") = "DependencyInversion", "DependencyInversion\DependencyInversion.csproj", "{7A7F4477-CD39-4EF9-94BA-F02B8F6936AA}"
EndProject
Global
	GlobalSection(SolutionConfigurationPlatforms) = preSolution
		Debug|Any CPU = Debug|Any CPU
		Release|Any CPU = Release|Any CPU
	EndGlobalSection
	GlobalSection(ProjectConfigurationPlatforms) = postSolution
		{6C9AC66C-D364-408A-8FB5-CA3128CA4C2E}.Debug|Any CPU.ActiveCfg = Debug|Any CPU
		{6C9AC66C-D364-408A-8FB5-CA3128CA4C2E}.Debug|Any CPU.Build.0 = Debug|Any CPU
		{6C9AC66C-D364-408A-8FB5-CA3128CA4C2E}.Release|Any CPU.ActiveCfg = Release|Any CPU
		{6C9AC66C-D364-408A-8FB5-CA3128CA4C2E}.Release|Any CPU.Build.0 = Release|Any CPU
		{B3EA5F18-E23D-4206-82CE-2583B050ED4C}.Debug|Any CPU.ActiveCfg = Debug|Any CPU
		{B3EA5F18-E23D-4206-82CE-2583B050ED4C}.Debug|Any CPU.Build.0 = Debug|Any CPU
		{B3EA5F18-E23D-4206-82CE-2583B050ED4C}.Release|Any CPU.ActiveCfg = Release|Any CPU
		{B3EA5F18-E23D-4206-82CE-2583B050ED4C}.Release|Any CPU.Build.0 = Release|Any CPU
		{E95524FF-5E4E-460F-A265-28B13856741C}.Debug|Any CPU.ActiveCfg = Debug|Any CPU
		{E95524FF-5E4E-460F-A265-28B13856741C}.Debug|Any CPU.Build.0 = Debug|Any CPU
		{E95524FF-5E4E-460F-A265-28B13856741C}.Release|Any CPU.ActiveCfg = Release|Any CPU
		{E95524FF-5E4E-460F-A265-28B13856741C}.Release|Any CPU.Build.0 = Release|Any CPU
		{F2E4826B-9EA2-4943-96B6-F449F4E77A87}.Debug|Any CPU.ActiveCfg = Debug|Any CPU
		{F2E4826B-9EA2-4943-96B6-F449F4E77A87}.Debug|Any CPU.Build.0 = Debug|Any CPU
		{F2E4826B-9EA2-4943-96B6-F449F4E77A87}.Release|Any CPU.ActiveCfg = Release|Any CPU
		{F2E4826B-9EA2-4943-96B6-F449F4E77A87}.Release|Any CPU.Build.0 = Release|Any CPU
		{7A7F4477-CD39-4EF9-94BA-F02B8F6936AA}.Debug|Any CPU.ActiveCfg = Debug|Any CPU
		{7A7F4477-CD39-4EF9-94BA-F02B8F6936AA}.Debug|Any CPU.Build.0 = Debug|Any CPU
		{7A7F4477-CD39-4EF9-94BA-F02B8F6936AA}.Release|Any CPU.ActiveCfg = Release|Any CPU
		{7A7F4477-CD39-4EF9-94BA-F02B8F6936AA}.Release|Any CPU.Build.0 = Release|Any CPU
	EndGlobalSection
	GlobalSection(SolutionProperties) = preSolution
		HideSolutionNode = FALSE
	EndGlobalSection
	GlobalSection(NestedProjects) = preSolution
		{6C9AC66C-D364-408A-8FB5-CA3128CA4C2E} = {F35E0D69-A794-4232-8A31-74F241B2CDCC}
		{B3EA5F18-E23D-4206-82CE-2583B050ED4C} = {B19C749A-8E22-4591-AE0D-121AABF6872E}
		{E95524FF-5E4E-460F-A265-28B13856741C} = {8F7AB64E-C756-415E-B793-96E02C6E7343}
		{F2E4826B-9EA2-4943-96B6-F449F4E77A87} = {224624BD-A2CA-4ECA-9BE8-434682D118CF}
		{7A7F4477-CD39-4EF9-94BA-F02B8F6936AA} = {394228F0-0E8E-41B9-94E0-ABABEEA882CD}
	EndGlobalSection
	GlobalSection(ExtensibilityGlobals) = postSolution
		SolutionGuid = {D373F466-9AEC-4388-BBA1-17C314EE86AB}
	EndGlobalSection
EndGlobal
